// !$*UTF8*$!
{
	archiveVersion = 1;
	classes = {
	};
	objectVersion = 46;
	objects = {

/* Begin PBXBuildFile section */
		5E56C78E16A6E21D00CE024B /* UIKit.framework in Frameworks */ = {isa = PBXBuildFile; fileRef = 5E56C78D16A6E21D00CE024B /* UIKit.framework */; };
		5E56C79016A6E21D00CE024B /* Foundation.framework in Frameworks */ = {isa = PBXBuildFile; fileRef = 5E56C78F16A6E21D00CE024B /* Foundation.framework */; };
		5E56C79216A6E21D00CE024B /* CoreGraphics.framework in Frameworks */ = {isa = PBXBuildFile; fileRef = 5E56C79116A6E21D00CE024B /* CoreGraphics.framework */; };
		5E56C79816A6E21D00CE024B /* InfoPlist.strings in Resources */ = {isa = PBXBuildFile; fileRef = 5E56C79616A6E21D00CE024B /* InfoPlist.strings */; };
		5E56C79A16A6E21D00CE024B /* main.m in Sources */ = {isa = PBXBuildFile; fileRef = 5E56C79916A6E21D00CE024B /* main.m */; };
		5E56C79E16A6E21D00CE024B /* AppDelegate.m in Sources */ = {isa = PBXBuildFile; fileRef = 5E56C79D16A6E21D00CE024B /* AppDelegate.m */; };
		5E56C7A016A6E21D00CE024B /* Default.png in Resources */ = {isa = PBXBuildFile; fileRef = 5E56C79F16A6E21D00CE024B /* Default.png */; };
		5E56C7A216A6E21D00CE024B /* Default@2x.png in Resources */ = {isa = PBXBuildFile; fileRef = 5E56C7A116A6E21D00CE024B /* Default@2x.png */; };
		5E56C7A416A6E21D00CE024B /* Default-568h@2x.png in Resources */ = {isa = PBXBuildFile; fileRef = 5E56C7A316A6E21D00CE024B /* Default-568h@2x.png */; };
		5E56C7A716A6E21D00CE024B /* ViewController.m in Sources */ = {isa = PBXBuildFile; fileRef = 5E56C7A616A6E21D00CE024B /* ViewController.m */; };
		5E56C7AA16A6E21D00CE024B /* ViewController.xib in Resources */ = {isa = PBXBuildFile; fileRef = 5E56C7A816A6E21D00CE024B /* ViewController.xib */; };
		5E56C7B216A6E21D00CE024B /* SenTestingKit.framework in Frameworks */ = {isa = PBXBuildFile; fileRef = 5E56C7B116A6E21D00CE024B /* SenTestingKit.framework */; };
		5E56C7B316A6E21D00CE024B /* UIKit.framework in Frameworks */ = {isa = PBXBuildFile; fileRef = 5E56C78D16A6E21D00CE024B /* UIKit.framework */; };
		5E56C7B416A6E21D00CE024B /* Foundation.framework in Frameworks */ = {isa = PBXBuildFile; fileRef = 5E56C78F16A6E21D00CE024B /* Foundation.framework */; };
		5E56C7BC16A6E21D00CE024B /* InfoPlist.strings in Resources */ = {isa = PBXBuildFile; fileRef = 5E56C7BA16A6E21D00CE024B /* InfoPlist.strings */; };
		5E56C7BF16A6E21D00CE024B /* msgpack_objectivec_exampleTests.m in Sources */ = {isa = PBXBuildFile; fileRef = 5E56C7BE16A6E21D00CE024B /* msgpack_objectivec_exampleTests.m */; };
		5E56C7EB16A6E30600CE024B /* MessagePackPacker.m in Sources */ = {isa = PBXBuildFile; fileRef = 5E56C7CC16A6E30600CE024B /* MessagePackPacker.m */; };
		5E56C7EC16A6E30600CE024B /* MessagePackPacker.m in Sources */ = {isa = PBXBuildFile; fileRef = 5E56C7CC16A6E30600CE024B /* MessagePackPacker.m */; };
		5E56C7ED16A6E30600CE024B /* MessagePackParser.m in Sources */ = {isa = PBXBuildFile; fileRef = 5E56C7CE16A6E30600CE024B /* MessagePackParser.m */; };
		5E56C7EE16A6E30600CE024B /* MessagePackParser.m in Sources */ = {isa = PBXBuildFile; fileRef = 5E56C7CE16A6E30600CE024B /* MessagePackParser.m */; };
		5E56C7EF16A6E30600CE024B /* objectc.c in Sources */ = {isa = PBXBuildFile; fileRef = 5E56C7DF16A6E30600CE024B /* objectc.c */; };
		5E56C7F016A6E30600CE024B /* objectc.c in Sources */ = {isa = PBXBuildFile; fileRef = 5E56C7DF16A6E30600CE024B /* objectc.c */; };
		5E56C7F116A6E30600CE024B /* unpack.c in Sources */ = {isa = PBXBuildFile; fileRef = 5E56C7E016A6E30600CE024B /* unpack.c */; };
		5E56C7F216A6E30600CE024B /* unpack.c in Sources */ = {isa = PBXBuildFile; fileRef = 5E56C7E016A6E30600CE024B /* unpack.c */; };
		5E56C7F316A6E30600CE024B /* version.c in Sources */ = {isa = PBXBuildFile; fileRef = 5E56C7E116A6E30600CE024B /* version.c */; };
		5E56C7F416A6E30600CE024B /* version.c in Sources */ = {isa = PBXBuildFile; fileRef = 5E56C7E116A6E30600CE024B /* version.c */; };
		5E56C7F516A6E30600CE024B /* vrefbuffer.c in Sources */ = {isa = PBXBuildFile; fileRef = 5E56C7E216A6E30600CE024B /* vrefbuffer.c */; };
		5E56C7F616A6E30600CE024B /* vrefbuffer.c in Sources */ = {isa = PBXBuildFile; fileRef = 5E56C7E216A6E30600CE024B /* vrefbuffer.c */; };
		5E56C7F716A6E30600CE024B /* zone.c in Sources */ = {isa = PBXBuildFile; fileRef = 5E56C7E316A6E30600CE024B /* zone.c */; };
		5E56C7F816A6E30600CE024B /* zone.c in Sources */ = {isa = PBXBuildFile; fileRef = 5E56C7E316A6E30600CE024B /* zone.c */; };
		5E56C7F916A6E30600CE024B /* NSArray+MessagePack.m in Sources */ = {isa = PBXBuildFile; fileRef = 5E56C7E516A6E30600CE024B /* NSArray+MessagePack.m */; };
		5E56C7FA16A6E30600CE024B /* NSArray+MessagePack.m in Sources */ = {isa = PBXBuildFile; fileRef = 5E56C7E516A6E30600CE024B /* NSArray+MessagePack.m */; };
		5E56C7FB16A6E30600CE024B /* NSData+MessagePack.m in Sources */ = {isa = PBXBuildFile; fileRef = 5E56C7E716A6E30600CE024B /* NSData+MessagePack.m */; };
		5E56C7FC16A6E30600CE024B /* NSData+MessagePack.m in Sources */ = {isa = PBXBuildFile; fileRef = 5E56C7E716A6E30600CE024B /* NSData+MessagePack.m */; };
		5E56C7FD16A6E30600CE024B /* NSDictionary+MessagePack.m in Sources */ = {isa = PBXBuildFile; fileRef = 5E56C7E916A6E30600CE024B /* NSDictionary+MessagePack.m */; };
		5E56C7FE16A6E30600CE024B /* NSDictionary+MessagePack.m in Sources */ = {isa = PBXBuildFile; fileRef = 5E56C7E916A6E30600CE024B /* NSDictionary+MessagePack.m */; };
		5E56C7FF16A6E30600CE024B /* readme.md in Resources */ = {isa = PBXBuildFile; fileRef = 5E56C7EA16A6E30600CE024B /* readme.md */; };
		5E56C80016A6E30600CE024B /* readme.md in Resources */ = {isa = PBXBuildFile; fileRef = 5E56C7EA16A6E30600CE024B /* readme.md */; };
/* End PBXBuildFile section */

/* Begin PBXContainerItemProxy section */
		5E56C7B516A6E21D00CE024B /* PBXContainerItemProxy */ = {
			isa = PBXContainerItemProxy;
			containerPortal = 5E56C78016A6E21D00CE024B /* Project object */;
			proxyType = 1;
			remoteGlobalIDString = 5E56C78816A6E21D00CE024B;
			remoteInfo = "msgpack-objectivec-example";
		};
/* End PBXContainerItemProxy section */

/* Begin PBXFileReference section */
		5E56C78916A6E21D00CE024B /* msgpack-objectivec-example.app */ = {isa = PBXFileReference; explicitFileType = wrapper.application; includeInIndex = 0; path = "msgpack-objectivec-example.app"; sourceTree = BUILT_PRODUCTS_DIR; };
		5E56C78D16A6E21D00CE024B /* UIKit.framework */ = {isa = PBXFileReference; lastKnownFileType = wrapper.framework; name = UIKit.framework; path = System/Library/Frameworks/UIKit.framework; sourceTree = SDKROOT; };
		5E56C78F16A6E21D00CE024B /* Foundation.framework */ = {isa = PBXFileReference; lastKnownFileType = wrapper.framework; name = Foundation.framework; path = System/Library/Frameworks/Foundation.framework; sourceTree = SDKROOT; };
		5E56C79116A6E21D00CE024B /* CoreGraphics.framework */ = {isa = PBXFileReference; lastKnownFileType = wrapper.framework; name = CoreGraphics.framework; path = System/Library/Frameworks/CoreGraphics.framework; sourceTree = SDKROOT; };
		5E56C79516A6E21D00CE024B /* msgpack-objectivec-example-Info.plist */ = {isa = PBXFileReference; lastKnownFileType = text.plist.xml; path = "msgpack-objectivec-example-Info.plist"; sourceTree = "<group>"; };
		5E56C79716A6E21D00CE024B /* en */ = {isa = PBXFileReference; lastKnownFileType = text.plist.strings; name = en; path = en.lproj/InfoPlist.strings; sourceTree = "<group>"; };
		5E56C79916A6E21D00CE024B /* main.m */ = {isa = PBXFileReference; lastKnownFileType = sourcecode.c.objc; path = main.m; sourceTree = "<group>"; };
		5E56C79B16A6E21D00CE024B /* msgpack-objectivec-example-Prefix.pch */ = {isa = PBXFileReference; lastKnownFileType = sourcecode.c.h; path = "msgpack-objectivec-example-Prefix.pch"; sourceTree = "<group>"; };
		5E56C79C16A6E21D00CE024B /* AppDelegate.h */ = {isa = PBXFileReference; lastKnownFileType = sourcecode.c.h; path = AppDelegate.h; sourceTree = "<group>"; };
		5E56C79D16A6E21D00CE024B /* AppDelegate.m */ = {isa = PBXFileReference; lastKnownFileType = sourcecode.c.objc; path = AppDelegate.m; sourceTree = "<group>"; };
		5E56C79F16A6E21D00CE024B /* Default.png */ = {isa = PBXFileReference; lastKnownFileType = image.png; path = Default.png; sourceTree = "<group>"; };
		5E56C7A116A6E21D00CE024B /* Default@2x.png */ = {isa = PBXFileReference; lastKnownFileType = image.png; path = "Default@2x.png"; sourceTree = "<group>"; };
		5E56C7A316A6E21D00CE024B /* Default-568h@2x.png */ = {isa = PBXFileReference; lastKnownFileType = image.png; path = "Default-568h@2x.png"; sourceTree = "<group>"; };
		5E56C7A516A6E21D00CE024B /* ViewController.h */ = {isa = PBXFileReference; lastKnownFileType = sourcecode.c.h; path = ViewController.h; sourceTree = "<group>"; };
		5E56C7A616A6E21D00CE024B /* ViewController.m */ = {isa = PBXFileReference; lastKnownFileType = sourcecode.c.objc; path = ViewController.m; sourceTree = "<group>"; };
		5E56C7A916A6E21D00CE024B /* en */ = {isa = PBXFileReference; lastKnownFileType = file.xib; name = en; path = en.lproj/ViewController.xib; sourceTree = "<group>"; };
		5E56C7B016A6E21D00CE024B /* msgpack-objectivec-exampleTests.octest */ = {isa = PBXFileReference; explicitFileType = wrapper.cfbundle; includeInIndex = 0; path = "msgpack-objectivec-exampleTests.octest"; sourceTree = BUILT_PRODUCTS_DIR; };
		5E56C7B116A6E21D00CE024B /* SenTestingKit.framework */ = {isa = PBXFileReference; lastKnownFileType = wrapper.framework; name = SenTestingKit.framework; path = Library/Frameworks/SenTestingKit.framework; sourceTree = DEVELOPER_DIR; };
		5E56C7B916A6E21D00CE024B /* msgpack-objectivec-exampleTests-Info.plist */ = {isa = PBXFileReference; lastKnownFileType = text.plist.xml; path = "msgpack-objectivec-exampleTests-Info.plist"; sourceTree = "<group>"; };
		5E56C7BB16A6E21D00CE024B /* en */ = {isa = PBXFileReference; lastKnownFileType = text.plist.strings; name = en; path = en.lproj/InfoPlist.strings; sourceTree = "<group>"; };
		5E56C7BD16A6E21D00CE024B /* msgpack_objectivec_exampleTests.h */ = {isa = PBXFileReference; lastKnownFileType = sourcecode.c.h; path = msgpack_objectivec_exampleTests.h; sourceTree = "<group>"; };
		5E56C7BE16A6E21D00CE024B /* msgpack_objectivec_exampleTests.m */ = {isa = PBXFileReference; lastKnownFileType = sourcecode.c.objc; path = msgpack_objectivec_exampleTests.m; sourceTree = "<group>"; };
		5E56C7CA16A6E30600CE024B /* MessagePack.h */ = {isa = PBXFileReference; fileEncoding = 4; lastKnownFileType = sourcecode.c.h; path = MessagePack.h; sourceTree = "<group>"; };
		5E56C7CB16A6E30600CE024B /* MessagePackPacker.h */ = {isa = PBXFileReference; fileEncoding = 4; lastKnownFileType = sourcecode.c.h; path = MessagePackPacker.h; sourceTree = "<group>"; };
		5E56C7CC16A6E30600CE024B /* MessagePackPacker.m */ = {isa = PBXFileReference; fileEncoding = 4; lastKnownFileType = sourcecode.c.objc; path = MessagePackPacker.m; sourceTree = "<group>"; };
		5E56C7CD16A6E30600CE024B /* MessagePackParser.h */ = {isa = PBXFileReference; fileEncoding = 4; lastKnownFileType = sourcecode.c.h; path = MessagePackParser.h; sourceTree = "<group>"; };
		5E56C7CE16A6E30600CE024B /* MessagePackParser.m */ = {isa = PBXFileReference; fileEncoding = 4; lastKnownFileType = sourcecode.c.objc; path = MessagePackParser.m; sourceTree = "<group>"; };
		5E56C7D116A6E30600CE024B /* object.h */ = {isa = PBXFileReference; fileEncoding = 4; lastKnownFileType = sourcecode.c.h; path = object.h; sourceTree = "<group>"; };
		5E56C7D216A6E30600CE024B /* pack.h */ = {isa = PBXFileReference; fileEncoding = 4; lastKnownFileType = sourcecode.c.h; path = pack.h; sourceTree = "<group>"; };
		5E56C7D316A6E30600CE024B /* pack_define.h */ = {isa = PBXFileReference; fileEncoding = 4; lastKnownFileType = sourcecode.c.h; path = pack_define.h; sourceTree = "<group>"; };
		5E56C7D416A6E30600CE024B /* pack_template.h */ = {isa = PBXFileReference; fileEncoding = 4; lastKnownFileType = sourcecode.c.h; path = pack_template.h; sourceTree = "<group>"; };
		5E56C7D516A6E30600CE024B /* sbuffer.h */ = {isa = PBXFileReference; fileEncoding = 4; lastKnownFileType = sourcecode.c.h; path = sbuffer.h; sourceTree = "<group>"; };
		5E56C7D616A6E30600CE024B /* sysdep.h */ = {isa = PBXFileReference; fileEncoding = 4; lastKnownFileType = sourcecode.c.h; path = sysdep.h; sourceTree = "<group>"; };
		5E56C7D716A6E30600CE024B /* unpack.h */ = {isa = PBXFileReference; fileEncoding = 4; lastKnownFileType = sourcecode.c.h; path = unpack.h; sourceTree = "<group>"; };
		5E56C7D816A6E30600CE024B /* unpack_define.h */ = {isa = PBXFileReference; fileEncoding = 4; lastKnownFileType = sourcecode.c.h; path = unpack_define.h; sourceTree = "<group>"; };
		5E56C7D916A6E30600CE024B /* unpack_template.h */ = {isa = PBXFileReference; fileEncoding = 4; lastKnownFileType = sourcecode.c.h; path = unpack_template.h; sourceTree = "<group>"; };
		5E56C7DA16A6E30600CE024B /* version.h */ = {isa = PBXFileReference; fileEncoding = 4; lastKnownFileType = sourcecode.c.h; path = version.h; sourceTree = "<group>"; };
		5E56C7DB16A6E30600CE024B /* vrefbuffer.h */ = {isa = PBXFileReference; fileEncoding = 4; lastKnownFileType = sourcecode.c.h; path = vrefbuffer.h; sourceTree = "<group>"; };
		5E56C7DC16A6E30600CE024B /* zbuffer.h */ = {isa = PBXFileReference; fileEncoding = 4; lastKnownFileType = sourcecode.c.h; path = zbuffer.h; sourceTree = "<group>"; };
		5E56C7DD16A6E30600CE024B /* zone.h */ = {isa = PBXFileReference; fileEncoding = 4; lastKnownFileType = sourcecode.c.h; path = zone.h; sourceTree = "<group>"; };
		5E56C7DE16A6E30600CE024B /* msgpack.h */ = {isa = PBXFileReference; fileEncoding = 4; lastKnownFileType = sourcecode.c.h; path = msgpack.h; sourceTree = "<group>"; };
		5E56C7DF16A6E30600CE024B /* objectc.c */ = {isa = PBXFileReference; fileEncoding = 4; lastKnownFileType = sourcecode.c.c; path = objectc.c; sourceTree = "<group>"; };
		5E56C7E016A6E30600CE024B /* unpack.c */ = {isa = PBXFileReference; fileEncoding = 4; lastKnownFileType = sourcecode.c.c; path = unpack.c; sourceTree = "<group>"; };
		5E56C7E116A6E30600CE024B /* version.c */ = {isa = PBXFileReference; fileEncoding = 4; lastKnownFileType = sourcecode.c.c; path = version.c; sourceTree = "<group>"; };
		5E56C7E216A6E30600CE024B /* vrefbuffer.c */ = {isa = PBXFileReference; fileEncoding = 4; lastKnownFileType = sourcecode.c.c; path = vrefbuffer.c; sourceTree = "<group>"; };
		5E56C7E316A6E30600CE024B /* zone.c */ = {isa = PBXFileReference; fileEncoding = 4; lastKnownFileType = sourcecode.c.c; path = zone.c; sourceTree = "<group>"; };
		5E56C7E416A6E30600CE024B /* NSArray+MessagePack.h */ = {isa = PBXFileReference; fileEncoding = 4; lastKnownFileType = sourcecode.c.h; path = "NSArray+MessagePack.h"; sourceTree = "<group>"; };
		5E56C7E516A6E30600CE024B /* NSArray+MessagePack.m */ = {isa = PBXFileReference; fileEncoding = 4; lastKnownFileType = sourcecode.c.objc; path = "NSArray+MessagePack.m"; sourceTree = "<group>"; };
		5E56C7E616A6E30600CE024B /* NSData+MessagePack.h */ = {isa = PBXFileReference; fileEncoding = 4; lastKnownFileType = sourcecode.c.h; path = "NSData+MessagePack.h"; sourceTree = "<group>"; };
		5E56C7E716A6E30600CE024B /* NSData+MessagePack.m */ = {isa = PBXFileReference; fileEncoding = 4; lastKnownFileType = sourcecode.c.objc; path = "NSData+MessagePack.m"; sourceTree = "<group>"; };
		5E56C7E816A6E30600CE024B /* NSDictionary+MessagePack.h */ = {isa = PBXFileReference; fileEncoding = 4; lastKnownFileType = sourcecode.c.h; path = "NSDictionary+MessagePack.h"; sourceTree = "<group>"; };
		5E56C7E916A6E30600CE024B /* NSDictionary+MessagePack.m */ = {isa = PBXFileReference; fileEncoding = 4; lastKnownFileType = sourcecode.c.objc; path = "NSDictionary+MessagePack.m"; sourceTree = "<group>"; };
		5E56C7EA16A6E30600CE024B /* readme.md */ = {isa = PBXFileReference; fileEncoding = 4; lastKnownFileType = text; path = readme.md; sourceTree = "<group>"; };
/* End PBXFileReference section */

/* Begin PBXFrameworksBuildPhase section */
		5E56C78616A6E21D00CE024B /* Frameworks */ = {
			isa = PBXFrameworksBuildPhase;
			buildActionMask = 2147483647;
			files = (
				5E56C78E16A6E21D00CE024B /* UIKit.framework in Frameworks */,
				5E56C79016A6E21D00CE024B /* Foundation.framework in Frameworks */,
				5E56C79216A6E21D00CE024B /* CoreGraphics.framework in Frameworks */,
			);
			runOnlyForDeploymentPostprocessing = 0;
		};
		5E56C7AC16A6E21D00CE024B /* Frameworks */ = {
			isa = PBXFrameworksBuildPhase;
			buildActionMask = 2147483647;
			files = (
				5E56C7B216A6E21D00CE024B /* SenTestingKit.framework in Frameworks */,
				5E56C7B316A6E21D00CE024B /* UIKit.framework in Frameworks */,
				5E56C7B416A6E21D00CE024B /* Foundation.framework in Frameworks */,
			);
			runOnlyForDeploymentPostprocessing = 0;
		};
/* End PBXFrameworksBuildPhase section */

/* Begin PBXGroup section */
		5E56C77E16A6E21D00CE024B = {
			isa = PBXGroup;
			children = (
				5E56C79316A6E21D00CE024B /* msgpack-objectivec-example */,
				5E56C7C816A6E2E900CE024B /* lib */,
				5E56C7B716A6E21D00CE024B /* msgpack-objectivec-exampleTests */,
				5E56C78C16A6E21D00CE024B /* Frameworks */,
				5E56C78A16A6E21D00CE024B /* Products */,
			);
			sourceTree = "<group>";
		};
		5E56C78A16A6E21D00CE024B /* Products */ = {
			isa = PBXGroup;
			children = (
				5E56C78916A6E21D00CE024B /* msgpack-objectivec-example.app */,
				5E56C7B016A6E21D00CE024B /* msgpack-objectivec-exampleTests.octest */,
			);
			name = Products;
			sourceTree = "<group>";
		};
		5E56C78C16A6E21D00CE024B /* Frameworks */ = {
			isa = PBXGroup;
			children = (
				5E56C78D16A6E21D00CE024B /* UIKit.framework */,
				5E56C78F16A6E21D00CE024B /* Foundation.framework */,
				5E56C79116A6E21D00CE024B /* CoreGraphics.framework */,
				5E56C7B116A6E21D00CE024B /* SenTestingKit.framework */,
			);
			name = Frameworks;
			sourceTree = "<group>";
		};
		5E56C79316A6E21D00CE024B /* msgpack-objectivec-example */ = {
			isa = PBXGroup;
			children = (
				5E56C79C16A6E21D00CE024B /* AppDelegate.h */,
				5E56C79D16A6E21D00CE024B /* AppDelegate.m */,
				5E56C7A516A6E21D00CE024B /* ViewController.h */,
				5E56C7A616A6E21D00CE024B /* ViewController.m */,
				5E56C7A816A6E21D00CE024B /* ViewController.xib */,
				5E56C79416A6E21D00CE024B /* Supporting Files */,
			);
			path = "msgpack-objectivec-example";
			sourceTree = "<group>";
		};
		5E56C79416A6E21D00CE024B /* Supporting Files */ = {
			isa = PBXGroup;
			children = (
				5E56C79516A6E21D00CE024B /* msgpack-objectivec-example-Info.plist */,
				5E56C79616A6E21D00CE024B /* InfoPlist.strings */,
				5E56C79916A6E21D00CE024B /* main.m */,
				5E56C79B16A6E21D00CE024B /* msgpack-objectivec-example-Prefix.pch */,
				5E56C79F16A6E21D00CE024B /* Default.png */,
				5E56C7A116A6E21D00CE024B /* Default@2x.png */,
				5E56C7A316A6E21D00CE024B /* Default-568h@2x.png */,
			);
			name = "Supporting Files";
			sourceTree = "<group>";
		};
		5E56C7B716A6E21D00CE024B /* msgpack-objectivec-exampleTests */ = {
			isa = PBXGroup;
			children = (
				5E56C7BD16A6E21D00CE024B /* msgpack_objectivec_exampleTests.h */,
				5E56C7BE16A6E21D00CE024B /* msgpack_objectivec_exampleTests.m */,
				5E56C7B816A6E21D00CE024B /* Supporting Files */,
			);
			path = "msgpack-objectivec-exampleTests";
			sourceTree = "<group>";
		};
		5E56C7B816A6E21D00CE024B /* Supporting Files */ = {
			isa = PBXGroup;
			children = (
				5E56C7B916A6E21D00CE024B /* msgpack-objectivec-exampleTests-Info.plist */,
				5E56C7BA16A6E21D00CE024B /* InfoPlist.strings */,
			);
			name = "Supporting Files";
			sourceTree = "<group>";
		};
		5E56C7C816A6E2E900CE024B /* lib */ = {
			isa = PBXGroup;
			children = (
				5E56C7C916A6E30600CE024B /* msgpack-objectivec */,
			);
			name = lib;
			sourceTree = "<group>";
		};
		5E56C7C916A6E30600CE024B /* msgpack-objectivec */ = {
			isa = PBXGroup;
			children = (
				5E56C7CA16A6E30600CE024B /* MessagePack.h */,
				5E56C7CB16A6E30600CE024B /* MessagePackPacker.h */,
				5E56C7CC16A6E30600CE024B /* MessagePackPacker.m */,
				5E56C7CD16A6E30600CE024B /* MessagePackParser.h */,
				5E56C7CE16A6E30600CE024B /* MessagePackParser.m */,
				5E56C7CF16A6E30600CE024B /* msgpack_src */,
				5E56C7E416A6E30600CE024B /* NSArray+MessagePack.h */,
				5E56C7E516A6E30600CE024B /* NSArray+MessagePack.m */,
				5E56C7E616A6E30600CE024B /* NSData+MessagePack.h */,
				5E56C7E716A6E30600CE024B /* NSData+MessagePack.m */,
				5E56C7E816A6E30600CE024B /* NSDictionary+MessagePack.h */,
				5E56C7E916A6E30600CE024B /* NSDictionary+MessagePack.m */,
				5E56C7EA16A6E30600CE024B /* readme.md */,
			);
			path = "msgpack-objectivec";
			sourceTree = "<group>";
		};
		5E56C7CF16A6E30600CE024B /* msgpack_src */ = {
			isa = PBXGroup;
			children = (
				5E56C7D016A6E30600CE024B /* msgpack */,
				5E56C7DE16A6E30600CE024B /* msgpack.h */,
				5E56C7DF16A6E30600CE024B /* objectc.c */,
				5E56C7E016A6E30600CE024B /* unpack.c */,
				5E56C7E116A6E30600CE024B /* version.c */,
				5E56C7E216A6E30600CE024B /* vrefbuffer.c */,
				5E56C7E316A6E30600CE024B /* zone.c */,
			);
			path = msgpack_src;
			sourceTree = "<group>";
		};
		5E56C7D016A6E30600CE024B /* msgpack */ = {
			isa = PBXGroup;
			children = (
				5E56C7D116A6E30600CE024B /* object.h */,
				5E56C7D216A6E30600CE024B /* pack.h */,
				5E56C7D316A6E30600CE024B /* pack_define.h */,
				5E56C7D416A6E30600CE024B /* pack_template.h */,
				5E56C7D516A6E30600CE024B /* sbuffer.h */,
				5E56C7D616A6E30600CE024B /* sysdep.h */,
				5E56C7D716A6E30600CE024B /* unpack.h */,
				5E56C7D816A6E30600CE024B /* unpack_define.h */,
				5E56C7D916A6E30600CE024B /* unpack_template.h */,
				5E56C7DA16A6E30600CE024B /* version.h */,
				5E56C7DB16A6E30600CE024B /* vrefbuffer.h */,
				5E56C7DC16A6E30600CE024B /* zbuffer.h */,
				5E56C7DD16A6E30600CE024B /* zone.h */,
			);
			path = msgpack;
			sourceTree = "<group>";
		};
/* End PBXGroup section */

/* Begin PBXNativeTarget section */
		5E56C78816A6E21D00CE024B /* msgpack-objectivec-example */ = {
			isa = PBXNativeTarget;
			buildConfigurationList = 5E56C7C216A6E21D00CE024B /* Build configuration list for PBXNativeTarget "msgpack-objectivec-example" */;
			buildPhases = (
				5E56C78516A6E21D00CE024B /* Sources */,
				5E56C78616A6E21D00CE024B /* Frameworks */,
				5E56C78716A6E21D00CE024B /* Resources */,
			);
			buildRules = (
			);
			dependencies = (
			);
			name = "msgpack-objectivec-example";
			productName = "msgpack-objectivec-example";
			productReference = 5E56C78916A6E21D00CE024B /* msgpack-objectivec-example.app */;
			productType = "com.apple.product-type.application";
		};
		5E56C7AF16A6E21D00CE024B /* msgpack-objectivec-exampleTests */ = {
			isa = PBXNativeTarget;
			buildConfigurationList = 5E56C7C516A6E21D00CE024B /* Build configuration list for PBXNativeTarget "msgpack-objectivec-exampleTests" */;
			buildPhases = (
				5E56C7AB16A6E21D00CE024B /* Sources */,
				5E56C7AC16A6E21D00CE024B /* Frameworks */,
				5E56C7AD16A6E21D00CE024B /* Resources */,
				5E56C7AE16A6E21D00CE024B /* ShellScript */,
			);
			buildRules = (
			);
			dependencies = (
				5E56C7B616A6E21D00CE024B /* PBXTargetDependency */,
			);
			name = "msgpack-objectivec-exampleTests";
			productName = "msgpack-objectivec-exampleTests";
			productReference = 5E56C7B016A6E21D00CE024B /* msgpack-objectivec-exampleTests.octest */;
			productType = "com.apple.product-type.bundle";
		};
/* End PBXNativeTarget section */

/* Begin PBXProject section */
		5E56C78016A6E21D00CE024B /* Project object */ = {
			isa = PBXProject;
			attributes = {
				LastUpgradeCheck = 0450;
				ORGANIZATIONNAME = kenmaz.net;
			};
			buildConfigurationList = 5E56C78316A6E21D00CE024B /* Build configuration list for PBXProject "msgpack-objectivec-example" */;
			compatibilityVersion = "Xcode 3.2";
			developmentRegion = English;
			hasScannedForEncodings = 0;
			knownRegions = (
				en,
			);
			mainGroup = 5E56C77E16A6E21D00CE024B;
			productRefGroup = 5E56C78A16A6E21D00CE024B /* Products */;
			projectDirPath = "";
			projectRoot = "";
			targets = (
				5E56C78816A6E21D00CE024B /* msgpack-objectivec-example */,
				5E56C7AF16A6E21D00CE024B /* msgpack-objectivec-exampleTests */,
			);
		};
/* End PBXProject section */

/* Begin PBXResourcesBuildPhase section */
		5E56C78716A6E21D00CE024B /* Resources */ = {
			isa = PBXResourcesBuildPhase;
			buildActionMask = 2147483647;
			files = (
				5E56C79816A6E21D00CE024B /* InfoPlist.strings in Resources */,
				5E56C7A016A6E21D00CE024B /* Default.png in Resources */,
				5E56C7A216A6E21D00CE024B /* Default@2x.png in Resources */,
				5E56C7A416A6E21D00CE024B /* Default-568h@2x.png in Resources */,
				5E56C7AA16A6E21D00CE024B /* ViewController.xib in Resources */,
				5E56C7FF16A6E30600CE024B /* readme.md in Resources */,
			);
			runOnlyForDeploymentPostprocessing = 0;
		};
		5E56C7AD16A6E21D00CE024B /* Resources */ = {
			isa = PBXResourcesBuildPhase;
			buildActionMask = 2147483647;
			files = (
				5E56C7BC16A6E21D00CE024B /* InfoPlist.strings in Resources */,
				5E56C80016A6E30600CE024B /* readme.md in Resources */,
			);
			runOnlyForDeploymentPostprocessing = 0;
		};
/* End PBXResourcesBuildPhase section */

/* Begin PBXShellScriptBuildPhase section */
		5E56C7AE16A6E21D00CE024B /* ShellScript */ = {
			isa = PBXShellScriptBuildPhase;
			buildActionMask = 2147483647;
			files = (
			);
			inputPaths = (
			);
			outputPaths = (
			);
			runOnlyForDeploymentPostprocessing = 0;
			shellPath = /bin/sh;
			shellScript = "# Run the unit tests in this test bundle.\n\"${SYSTEM_DEVELOPER_DIR}/Tools/RunUnitTests\"\n";
		};
/* End PBXShellScriptBuildPhase section */

/* Begin PBXSourcesBuildPhase section */
		5E56C78516A6E21D00CE024B /* Sources */ = {
			isa = PBXSourcesBuildPhase;
			buildActionMask = 2147483647;
			files = (
				5E56C79A16A6E21D00CE024B /* main.m in Sources */,
				5E56C79E16A6E21D00CE024B /* AppDelegate.m in Sources */,
				5E56C7A716A6E21D00CE024B /* ViewController.m in Sources */,
				5E56C7EB16A6E30600CE024B /* MessagePackPacker.m in Sources */,
				5E56C7ED16A6E30600CE024B /* MessagePackParser.m in Sources */,
				5E56C7EF16A6E30600CE024B /* objectc.c in Sources */,
				5E56C7F116A6E30600CE024B /* unpack.c in Sources */,
				5E56C7F316A6E30600CE024B /* version.c in Sources */,
				5E56C7F516A6E30600CE024B /* vrefbuffer.c in Sources */,
				5E56C7F716A6E30600CE024B /* zone.c in Sources */,
				5E56C7F916A6E30600CE024B /* NSArray+MessagePack.m in Sources */,
				5E56C7FB16A6E30600CE024B /* NSData+MessagePack.m in Sources */,
				5E56C7FD16A6E30600CE024B /* NSDictionary+MessagePack.m in Sources */,
			);
			runOnlyForDeploymentPostprocessing = 0;
		};
		5E56C7AB16A6E21D00CE024B /* Sources */ = {
			isa = PBXSourcesBuildPhase;
			buildActionMask = 2147483647;
			files = (
				5E56C7BF16A6E21D00CE024B /* msgpack_objectivec_exampleTests.m in Sources */,
				5E56C7EC16A6E30600CE024B /* MessagePackPacker.m in Sources */,
				5E56C7EE16A6E30600CE024B /* MessagePackParser.m in Sources */,
				5E56C7F016A6E30600CE024B /* objectc.c in Sources */,
				5E56C7F216A6E30600CE024B /* unpack.c in Sources */,
				5E56C7F416A6E30600CE024B /* version.c in Sources */,
				5E56C7F616A6E30600CE024B /* vrefbuffer.c in Sources */,
				5E56C7F816A6E30600CE024B /* zone.c in Sources */,
				5E56C7FA16A6E30600CE024B /* NSArray+MessagePack.m in Sources */,
				5E56C7FC16A6E30600CE024B /* NSData+MessagePack.m in Sources */,
				5E56C7FE16A6E30600CE024B /* NSDictionary+MessagePack.m in Sources */,
			);
			runOnlyForDeploymentPostprocessing = 0;
		};
/* End PBXSourcesBuildPhase section */

/* Begin PBXTargetDependency section */
		5E56C7B616A6E21D00CE024B /* PBXTargetDependency */ = {
			isa = PBXTargetDependency;
			target = 5E56C78816A6E21D00CE024B /* msgpack-objectivec-example */;
			targetProxy = 5E56C7B516A6E21D00CE024B /* PBXContainerItemProxy */;
		};
/* End PBXTargetDependency section */

/* Begin PBXVariantGroup section */
		5E56C79616A6E21D00CE024B /* InfoPlist.strings */ = {
			isa = PBXVariantGroup;
			children = (
				5E56C79716A6E21D00CE024B /* en */,
			);
			name = InfoPlist.strings;
			sourceTree = "<group>";
		};
		5E56C7A816A6E21D00CE024B /* ViewController.xib */ = {
			isa = PBXVariantGroup;
			children = (
				5E56C7A916A6E21D00CE024B /* en */,
			);
			name = ViewController.xib;
			sourceTree = "<group>";
		};
		5E56C7BA16A6E21D00CE024B /* InfoPlist.strings */ = {
			isa = PBXVariantGroup;
			children = (
				5E56C7BB16A6E21D00CE024B /* en */,
			);
			name = InfoPlist.strings;
			sourceTree = "<group>";
		};
/* End PBXVariantGroup section */

/* Begin XCBuildConfiguration section */
		5E56C7C016A6E21D00CE024B /* Debug */ = {
			isa = XCBuildConfiguration;
			buildSettings = {
				ALWAYS_SEARCH_USER_PATHS = NO;
				CLANG_CXX_LANGUAGE_STANDARD = "gnu++0x";
				CLANG_CXX_LIBRARY = "libc++";
				CLANG_ENABLE_OBJC_ARC = YES;
				CLANG_WARN_EMPTY_BODY = YES;
				CLANG_WARN__DUPLICATE_METHOD_MATCH = YES;
				"CODE_SIGN_IDENTITY[sdk=iphoneos*]" = "iPhone Developer";
				COPY_PHASE_STRIP = NO;
				GCC_C_LANGUAGE_STANDARD = gnu99;
				GCC_DYNAMIC_NO_PIC = NO;
				GCC_OPTIMIZATION_LEVEL = 0;
				GCC_PREPROCESSOR_DEFINITIONS = (
					"DEBUG=1",
					"$(inherited)",
				);
				GCC_SYMBOLS_PRIVATE_EXTERN = NO;
				GCC_WARN_ABOUT_RETURN_TYPE = YES;
				GCC_WARN_UNINITIALIZED_AUTOS = YES;
				GCC_WARN_UNUSED_VARIABLE = YES;
				IPHONEOS_DEPLOYMENT_TARGET = 6.0;
				ONLY_ACTIVE_ARCH = YES;
				SDKROOT = iphoneos;
			};
			name = Debug;
		};
		5E56C7C116A6E21D00CE024B /* Release */ = {
			isa = XCBuildConfiguration;
			buildSettings = {
				ALWAYS_SEARCH_USER_PATHS = NO;
				CLANG_CXX_LANGUAGE_STANDARD = "gnu++0x";
				CLANG_CXX_LIBRARY = "libc++";
				CLANG_ENABLE_OBJC_ARC = YES;
				CLANG_WARN_EMPTY_BODY = YES;
				CLANG_WARN__DUPLICATE_METHOD_MATCH = YES;
				"CODE_SIGN_IDENTITY[sdk=iphoneos*]" = "iPhone Developer";
				COPY_PHASE_STRIP = YES;
				GCC_C_LANGUAGE_STANDARD = gnu99;
				GCC_WARN_ABOUT_RETURN_TYPE = YES;
				GCC_WARN_UNINITIALIZED_AUTOS = YES;
				GCC_WARN_UNUSED_VARIABLE = YES;
				IPHONEOS_DEPLOYMENT_TARGET = 6.0;
				OTHER_CFLAGS = "-DNS_BLOCK_ASSERTIONS=1";
				SDKROOT = iphoneos;
				VALIDATE_PRODUCT = YES;
			};
			name = Release;
		};
		5E56C7C316A6E21D00CE024B /* Debug */ = {
			isa = XCBuildConfiguration;
			buildSettings = {
				GCC_PRECOMPILE_PREFIX_HEADER = YES;
				GCC_PREFIX_HEADER = "msgpack-objectivec-example/msgpack-objectivec-example-Prefix.pch";
				INFOPLIST_FILE = "msgpack-objectivec-example/msgpack-objectivec-example-Info.plist";
				PRODUCT_NAME = "$(TARGET_NAME)";
				WRAPPER_EXTENSION = app;
			};
			name = Debug;
		};
		5E56C7C416A6E21D00CE024B /* Release */ = {
			isa = XCBuildConfiguration;
			buildSettings = {
				GCC_PRECOMPILE_PREFIX_HEADER = YES;
				GCC_PREFIX_HEADER = "msgpack-objectivec-example/msgpack-objectivec-example-Prefix.pch";
				INFOPLIST_FILE = "msgpack-objectivec-example/msgpack-objectivec-example-Info.plist";
				PRODUCT_NAME = "$(TARGET_NAME)";
				WRAPPER_EXTENSION = app;
			};
			name = Release;
		};
		5E56C7C616A6E21D00CE024B /* Debug */ = {
			isa = XCBuildConfiguration;
			buildSettings = {
				BUNDLE_LOADER = "$(BUILT_PRODUCTS_DIR)/msgpack-objectivec-example.app/msgpack-objectivec-example";
				FRAMEWORK_SEARCH_PATHS = (
					"\"$(SDKROOT)/Developer/Library/Frameworks\"",
					"\"$(DEVELOPER_LIBRARY_DIR)/Frameworks\"",
				);
				GCC_PRECOMPILE_PREFIX_HEADER = YES;
				GCC_PREFIX_HEADER = "msgpack-objectivec-example/msgpack-objectivec-example-Prefix.pch";
				INFOPLIST_FILE = "msgpack-objectivec-exampleTests/msgpack-objectivec-exampleTests-Info.plist";
				PRODUCT_NAME = "$(TARGET_NAME)";
				TEST_HOST = "$(BUNDLE_LOADER)";
				WRAPPER_EXTENSION = octest;
			};
			name = Debug;
		};
		5E56C7C716A6E21D00CE024B /* Release */ = {
			isa = XCBuildConfiguration;
			buildSettings = {
				BUNDLE_LOADER = "$(BUILT_PRODUCTS_DIR)/msgpack-objectivec-example.app/msgpack-objectivec-example";
				FRAMEWORK_SEARCH_PATHS = (
					"\"$(SDKROOT)/Developer/Library/Frameworks\"",
					"\"$(DEVELOPER_LIBRARY_DIR)/Frameworks\"",
				);
				GCC_PRECOMPILE_PREFIX_HEADER = YES;
				GCC_PREFIX_HEADER = "msgpack-objectivec-example/msgpack-objectivec-example-Prefix.pch";
				INFOPLIST_FILE = "msgpack-objectivec-exampleTests/msgpack-objectivec-exampleTests-Info.plist";
				PRODUCT_NAME = "$(TARGET_NAME)";
				TEST_HOST = "$(BUNDLE_LOADER)";
				WRAPPER_EXTENSION = octest;
			};
			name = Release;
		};
/* End XCBuildConfiguration section */

/* Begin XCConfigurationList section */
		5E56C78316A6E21D00CE024B /* Build configuration list for PBXProject "msgpack-objectivec-example" */ = {
			isa = XCConfigurationList;
			buildConfigurations = (
				5E56C7C016A6E21D00CE024B /* Debug */,
				5E56C7C116A6E21D00CE024B /* Release */,
			);
			defaultConfigurationIsVisible = 0;
			defaultConfigurationName = Release;
		};
		5E56C7C216A6E21D00CE024B /* Build configuration list for PBXNativeTarget "msgpack-objectivec-example" */ = {
			isa = XCConfigurationList;
			buildConfigurations = (
				5E56C7C316A6E21D00CE024B /* Debug */,
				5E56C7C416A6E21D00CE024B /* Release */,
			);
			defaultConfigurationIsVisible = 0;
		};
		5E56C7C516A6E21D00CE024B /* Build configuration list for PBXNativeTarget "msgpack-objectivec-exampleTests" */ = {
			isa = XCConfigurationList;
			buildConfigurations = (
				5E56C7C616A6E21D00CE024B /* Debug */,
				5E56C7C716A6E21D00CE024B /* Release */,
			);
			defaultConfigurationIsVisible = 0;
		};
/* End XCConfigurationList section */
	};
	rootObject = 5E56C78016A6E21D00CE024B /* Project object */;
}
